// !$*UTF8*$!
{
	archiveVersion = 1;
	classes = {
	};
	objectVersion = 56;
	objects = {

/* Begin PBXBuildFile section */
		8646C0502C9756BA0005C0E1 /* MealObserverApp.swift in Sources */ = {isa = PBXBuildFile; fileRef = 8646C04F2C9756BA0005C0E1 /* MealObserverApp.swift */; };
		8646C0522C9756BA0005C0E1 /* ContentView.swift in Sources */ = {isa = PBXBuildFile; fileRef = 8646C0512C9756BA0005C0E1 /* ContentView.swift */; };
		8646C0542C9756BC0005C0E1 /* Assets.xcassets in Resources */ = {isa = PBXBuildFile; fileRef = 8646C0532C9756BC0005C0E1 /* Assets.xcassets */; };
		8646C0582C9756BC0005C0E1 /* Preview Assets.xcassets in Resources */ = {isa = PBXBuildFile; fileRef = 8646C0572C9756BC0005C0E1 /* Preview Assets.xcassets */; };
		8646C06C2C9756BC0005C0E1 /* MealObserverUITests.swift in Sources */ = {isa = PBXBuildFile; fileRef = 8646C06B2C9756BC0005C0E1 /* MealObserverUITests.swift */; };
		8646C06E2C9756BC0005C0E1 /* MealObserverUITestsLaunchTests.swift in Sources */ = {isa = PBXBuildFile; fileRef = 8646C06D2C9756BC0005C0E1 /* MealObserverUITestsLaunchTests.swift */; };
		8646C07C2C9757A00005C0E1 /* Networking in Resources */ = {isa = PBXBuildFile; fileRef = 8646C07A2C9757A00005C0E1 /* Networking */; };
		8646C07F2C9758550005C0E1 /* Networking in Frameworks */ = {isa = PBXBuildFile; productRef = 8646C07E2C9758550005C0E1 /* Networking */; };
		8646C0842C9766C90005C0E1 /* Meal.swift in Sources */ = {isa = PBXBuildFile; fileRef = 8646C0832C9766C90005C0E1 /* Meal.swift */; };
		8646C08A2C9775610005C0E1 /* MealFilterEndpoint.swift in Sources */ = {isa = PBXBuildFile; fileRef = 8646C0892C9775610005C0E1 /* MealFilterEndpoint.swift */; };
		8646C08C2C977AD30005C0E1 /* MealDetailsEndpoint.swift in Sources */ = {isa = PBXBuildFile; fileRef = 8646C08B2C977AD30005C0E1 /* MealDetailsEndpoint.swift */; };
		8646C08F2C977BC90005C0E1 /* MealFilterResponce.swift in Sources */ = {isa = PBXBuildFile; fileRef = 8646C08E2C977BC90005C0E1 /* MealFilterResponce.swift */; };
		8646C0912C977BF40005C0E1 /* MealDetailsResponce.swift in Sources */ = {isa = PBXBuildFile; fileRef = 8646C0902C977BF40005C0E1 /* MealDetailsResponce.swift */; };
		8646C0982C97A0660005C0E1 /* MealFilterView.swift in Sources */ = {isa = PBXBuildFile; fileRef = 8646C0972C97A0660005C0E1 /* MealFilterView.swift */; };
		8646C09A2C97A06E0005C0E1 /* MealFilterViewModel.swift in Sources */ = {isa = PBXBuildFile; fileRef = 8646C0992C97A06E0005C0E1 /* MealFilterViewModel.swift */; };
		8646C0A32C97CE330005C0E1 /* MealView.swift in Sources */ = {isa = PBXBuildFile; fileRef = 8646C0A22C97CE330005C0E1 /* MealView.swift */; };
		8646C0A92C9880EB0005C0E1 /* MealDetailsView.swift in Sources */ = {isa = PBXBuildFile; fileRef = 8646C0A82C9880EB0005C0E1 /* MealDetailsView.swift */; };
		8646C0AB2C988D8A0005C0E1 /* MealDetailsViewModel.swift in Sources */ = {isa = PBXBuildFile; fileRef = 8646C0AA2C988D8A0005C0E1 /* MealDetailsViewModel.swift */; };
		8646C0B22C9A02F60005C0E1 /* Nimble in Frameworks */ = {isa = PBXBuildFile; productRef = 8646C0B12C9A02F60005C0E1 /* Nimble */; };
		8646C0B42C9A02F90005C0E1 /* Quick in Frameworks */ = {isa = PBXBuildFile; productRef = 8646C0B32C9A02F90005C0E1 /* Quick */; };
		865D57E22C9A09D000AAEB67 /* MealFilterViewModelSpec.swift in Sources */ = {isa = PBXBuildFile; fileRef = 865D57E12C9A09D000AAEB67 /* MealFilterViewModelSpec.swift */; };
		865D57E42C9A11F800AAEB67 /* MealDetailsViewModelSpec.swift in Sources */ = {isa = PBXBuildFile; fileRef = 865D57E32C9A11F800AAEB67 /* MealDetailsViewModelSpec.swift */; };
		865D57E72C9A1AA100AAEB67 /* PlaceholderView.swift in Sources */ = {isa = PBXBuildFile; fileRef = 865D57E62C9A1AA100AAEB67 /* PlaceholderView.swift */; };
		865D57EB2C9A1EC600AAEB67 /* ScreenFactory.swift in Sources */ = {isa = PBXBuildFile; fileRef = 865D57EA2C9A1EC600AAEB67 /* ScreenFactory.swift */; };
		865D57F02C9A283300AAEB67 /* Localizer in Frameworks */ = {isa = PBXBuildFile; productRef = 865D57EF2C9A283300AAEB67 /* Localizer */; };
		865D57F32C9A29E100AAEB67 /* String+localization.swift in Sources */ = {isa = PBXBuildFile; fileRef = 865D57F22C9A29E100AAEB67 /* String+localization.swift */; };
		867F7D832CA0F27E00C86F4E /* AppState.swift in Sources */ = {isa = PBXBuildFile; fileRef = 867F7D822CA0F27E00C86F4E /* AppState.swift */; };
		867F7D862CA1F1C700C86F4E /* MealRepository.swift in Sources */ = {isa = PBXBuildFile; fileRef = 867F7D852CA1F1C700C86F4E /* MealRepository.swift */; };
		867F7D882CA1F5CE00C86F4E /* Result+map.swift in Sources */ = {isa = PBXBuildFile; fileRef = 867F7D872CA1F5CE00C86F4E /* Result+map.swift */; };
		867F7D8B2CA33C7500C86F4E /* RemoteMealRepository.swift in Sources */ = {isa = PBXBuildFile; fileRef = 867F7D8A2CA33C7500C86F4E /* RemoteMealRepository.swift */; };
		867F7D8D2CA33FB000C86F4E /* LocalMealRepository.swift in Sources */ = {isa = PBXBuildFile; fileRef = 867F7D8C2CA33FB000C86F4E /* LocalMealRepository.swift */; };
		8681DC772C9A37AC00C0AF3E /* Sequence+sorted.swift in Sources */ = {isa = PBXBuildFile; fileRef = 8681DC762C9A37AC00C0AF3E /* Sequence+sorted.swift */; };
		86CC40D62CA367C000720073 /* DeepLinksHandler.swift in Sources */ = {isa = PBXBuildFile; fileRef = 86CC40D52CA367C000720073 /* DeepLinksHandler.swift */; };
		86CC40D82CA36AD600720073 /* NavigationManager.swift in Sources */ = {isa = PBXBuildFile; fileRef = 86CC40D72CA36AD600720073 /* NavigationManager.swift */; };
/* End PBXBuildFile section */

/* Begin PBXContainerItemProxy section */
		8646C05E2C9756BC0005C0E1 /* PBXContainerItemProxy */ = {
			isa = PBXContainerItemProxy;
			containerPortal = 8646C0442C9756BA0005C0E1 /* Project object */;
			proxyType = 1;
			remoteGlobalIDString = 8646C04B2C9756BA0005C0E1;
			remoteInfo = MealObserver;
		};
		8646C0682C9756BC0005C0E1 /* PBXContainerItemProxy */ = {
			isa = PBXContainerItemProxy;
			containerPortal = 8646C0442C9756BA0005C0E1 /* Project object */;
			proxyType = 1;
			remoteGlobalIDString = 8646C04B2C9756BA0005C0E1;
			remoteInfo = MealObserver;
		};
/* End PBXContainerItemProxy section */

/* Begin PBXFileReference section */
		8646C04C2C9756BA0005C0E1 /* MealObserver.app */ = {isa = PBXFileReference; explicitFileType = wrapper.application; includeInIndex = 0; path = MealObserver.app; sourceTree = BUILT_PRODUCTS_DIR; };
		8646C04F2C9756BA0005C0E1 /* MealObserverApp.swift */ = {isa = PBXFileReference; lastKnownFileType = sourcecode.swift; path = MealObserverApp.swift; sourceTree = "<group>"; };
		8646C0512C9756BA0005C0E1 /* ContentView.swift */ = {isa = PBXFileReference; lastKnownFileType = sourcecode.swift; path = ContentView.swift; sourceTree = "<group>"; };
		8646C0532C9756BC0005C0E1 /* Assets.xcassets */ = {isa = PBXFileReference; lastKnownFileType = folder.assetcatalog; path = Assets.xcassets; sourceTree = "<group>"; };
		8646C0552C9756BC0005C0E1 /* MealObserver.entitlements */ = {isa = PBXFileReference; lastKnownFileType = text.plist.entitlements; path = MealObserver.entitlements; sourceTree = "<group>"; };
		8646C0572C9756BC0005C0E1 /* Preview Assets.xcassets */ = {isa = PBXFileReference; lastKnownFileType = folder.assetcatalog; path = "Preview Assets.xcassets"; sourceTree = "<group>"; };
		8646C05D2C9756BC0005C0E1 /* MealObserverTests.xctest */ = {isa = PBXFileReference; explicitFileType = wrapper.cfbundle; includeInIndex = 0; path = MealObserverTests.xctest; sourceTree = BUILT_PRODUCTS_DIR; };
		8646C0672C9756BC0005C0E1 /* MealObserverUITests.xctest */ = {isa = PBXFileReference; explicitFileType = wrapper.cfbundle; includeInIndex = 0; path = MealObserverUITests.xctest; sourceTree = BUILT_PRODUCTS_DIR; };
		8646C06B2C9756BC0005C0E1 /* MealObserverUITests.swift */ = {isa = PBXFileReference; lastKnownFileType = sourcecode.swift; path = MealObserverUITests.swift; sourceTree = "<group>"; };
		8646C06D2C9756BC0005C0E1 /* MealObserverUITestsLaunchTests.swift */ = {isa = PBXFileReference; lastKnownFileType = sourcecode.swift; path = MealObserverUITestsLaunchTests.swift; sourceTree = "<group>"; };
		8646C07A2C9757A00005C0E1 /* Networking */ = {isa = PBXFileReference; lastKnownFileType = wrapper; path = Networking; sourceTree = "<group>"; };
		8646C0832C9766C90005C0E1 /* Meal.swift */ = {isa = PBXFileReference; lastKnownFileType = sourcecode.swift; path = Meal.swift; sourceTree = "<group>"; };
		8646C0892C9775610005C0E1 /* MealFilterEndpoint.swift */ = {isa = PBXFileReference; lastKnownFileType = sourcecode.swift; path = MealFilterEndpoint.swift; sourceTree = "<group>"; };
		8646C08B2C977AD30005C0E1 /* MealDetailsEndpoint.swift */ = {isa = PBXFileReference; lastKnownFileType = sourcecode.swift; path = MealDetailsEndpoint.swift; sourceTree = "<group>"; };
		8646C08E2C977BC90005C0E1 /* MealFilterResponce.swift */ = {isa = PBXFileReference; lastKnownFileType = sourcecode.swift; path = MealFilterResponce.swift; sourceTree = "<group>"; };
		8646C0902C977BF40005C0E1 /* MealDetailsResponce.swift */ = {isa = PBXFileReference; lastKnownFileType = sourcecode.swift; path = MealDetailsResponce.swift; sourceTree = "<group>"; };
		8646C0972C97A0660005C0E1 /* MealFilterView.swift */ = {isa = PBXFileReference; lastKnownFileType = sourcecode.swift; path = MealFilterView.swift; sourceTree = "<group>"; };
		8646C0992C97A06E0005C0E1 /* MealFilterViewModel.swift */ = {isa = PBXFileReference; lastKnownFileType = sourcecode.swift; path = MealFilterViewModel.swift; sourceTree = "<group>"; };
		8646C0A22C97CE330005C0E1 /* MealView.swift */ = {isa = PBXFileReference; lastKnownFileType = sourcecode.swift; path = MealView.swift; sourceTree = "<group>"; };
		8646C0A82C9880EB0005C0E1 /* MealDetailsView.swift */ = {isa = PBXFileReference; lastKnownFileType = sourcecode.swift; path = MealDetailsView.swift; sourceTree = "<group>"; };
		8646C0AA2C988D8A0005C0E1 /* MealDetailsViewModel.swift */ = {isa = PBXFileReference; lastKnownFileType = sourcecode.swift; path = MealDetailsViewModel.swift; sourceTree = "<group>"; };
		865D57E12C9A09D000AAEB67 /* MealFilterViewModelSpec.swift */ = {isa = PBXFileReference; lastKnownFileType = sourcecode.swift; path = MealFilterViewModelSpec.swift; sourceTree = "<group>"; };
		865D57E32C9A11F800AAEB67 /* MealDetailsViewModelSpec.swift */ = {isa = PBXFileReference; lastKnownFileType = sourcecode.swift; path = MealDetailsViewModelSpec.swift; sourceTree = "<group>"; };
		865D57E62C9A1AA100AAEB67 /* PlaceholderView.swift */ = {isa = PBXFileReference; lastKnownFileType = sourcecode.swift; path = PlaceholderView.swift; sourceTree = "<group>"; };
		865D57EA2C9A1EC600AAEB67 /* ScreenFactory.swift */ = {isa = PBXFileReference; lastKnownFileType = sourcecode.swift; path = ScreenFactory.swift; sourceTree = "<group>"; };
		865D57EE2C9A269000AAEB67 /* Localizer */ = {isa = PBXFileReference; lastKnownFileType = wrapper; path = Localizer; sourceTree = "<group>"; };
		865D57F22C9A29E100AAEB67 /* String+localization.swift */ = {isa = PBXFileReference; lastKnownFileType = sourcecode.swift; path = "String+localization.swift"; sourceTree = "<group>"; };
		867F7D822CA0F27E00C86F4E /* AppState.swift */ = {isa = PBXFileReference; lastKnownFileType = sourcecode.swift; path = AppState.swift; sourceTree = "<group>"; };
		867F7D852CA1F1C700C86F4E /* MealRepository.swift */ = {isa = PBXFileReference; lastKnownFileType = sourcecode.swift; path = MealRepository.swift; sourceTree = "<group>"; };
		867F7D872CA1F5CE00C86F4E /* Result+map.swift */ = {isa = PBXFileReference; lastKnownFileType = sourcecode.swift; path = "Result+map.swift"; sourceTree = "<group>"; };
		867F7D8A2CA33C7500C86F4E /* RemoteMealRepository.swift */ = {isa = PBXFileReference; lastKnownFileType = sourcecode.swift; path = RemoteMealRepository.swift; sourceTree = "<group>"; };
		867F7D8C2CA33FB000C86F4E /* LocalMealRepository.swift */ = {isa = PBXFileReference; lastKnownFileType = sourcecode.swift; path = LocalMealRepository.swift; sourceTree = "<group>"; };
		867F7D8E2CA35B0300C86F4E /* Info.plist */ = {isa = PBXFileReference; lastKnownFileType = text.plist.xml; path = Info.plist; sourceTree = "<group>"; };
		8681DC762C9A37AC00C0AF3E /* Sequence+sorted.swift */ = {isa = PBXFileReference; lastKnownFileType = sourcecode.swift; path = "Sequence+sorted.swift"; sourceTree = "<group>"; };
		86CC40D52CA367C000720073 /* DeepLinksHandler.swift */ = {isa = PBXFileReference; lastKnownFileType = sourcecode.swift; path = DeepLinksHandler.swift; sourceTree = "<group>"; };
		86CC40D72CA36AD600720073 /* NavigationManager.swift */ = {isa = PBXFileReference; lastKnownFileType = sourcecode.swift; path = NavigationManager.swift; sourceTree = "<group>"; };
/* End PBXFileReference section */

/* Begin PBXFrameworksBuildPhase section */
		8646C0492C9756BA0005C0E1 /* Frameworks */ = {
			isa = PBXFrameworksBuildPhase;
			buildActionMask = 2147483647;
			files = (
				865D57F02C9A283300AAEB67 /* Localizer in Frameworks */,
				8646C07F2C9758550005C0E1 /* Networking in Frameworks */,
			);
			runOnlyForDeploymentPostprocessing = 0;
		};
		8646C05A2C9756BC0005C0E1 /* Frameworks */ = {
			isa = PBXFrameworksBuildPhase;
			buildActionMask = 2147483647;
			files = (
				8646C0B42C9A02F90005C0E1 /* Quick in Frameworks */,
				8646C0B22C9A02F60005C0E1 /* Nimble in Frameworks */,
			);
			runOnlyForDeploymentPostprocessing = 0;
		};
		8646C0642C9756BC0005C0E1 /* Frameworks */ = {
			isa = PBXFrameworksBuildPhase;
			buildActionMask = 2147483647;
			files = (
			);
			runOnlyForDeploymentPostprocessing = 0;
		};
/* End PBXFrameworksBuildPhase section */

/* Begin PBXGroup section */
		8646C0432C9756BA0005C0E1 = {
			isa = PBXGroup;
			children = (
				8646C07B2C9757A00005C0E1 /* Packages */,
				8646C04E2C9756BA0005C0E1 /* MealObserver */,
				8646C0602C9756BC0005C0E1 /* MealObserverTests */,
				8646C06A2C9756BC0005C0E1 /* MealObserverUITests */,
				8646C04D2C9756BA0005C0E1 /* Products */,
				8646C07D2C9758550005C0E1 /* Frameworks */,
			);
			sourceTree = "<group>";
		};
		8646C04D2C9756BA0005C0E1 /* Products */ = {
			isa = PBXGroup;
			children = (
				8646C04C2C9756BA0005C0E1 /* MealObserver.app */,
				8646C05D2C9756BC0005C0E1 /* MealObserverTests.xctest */,
				8646C0672C9756BC0005C0E1 /* MealObserverUITests.xctest */,
			);
			name = Products;
			sourceTree = "<group>";
		};
		8646C04E2C9756BA0005C0E1 /* MealObserver */ = {
			isa = PBXGroup;
			children = (
				867F7D8F2CA35E3400C86F4E /* System */,
				8646C0512C9756BA0005C0E1 /* ContentView.swift */,
				8646C04F2C9756BA0005C0E1 /* MealObserverApp.swift */,
				865D57EA2C9A1EC600AAEB67 /* ScreenFactory.swift */,
				867F7D812CA0F25500C86F4E /* Common */,
				8646C0802C9760E50005C0E1 /* Models */,
				8646C0A42C97D9370005C0E1 /* Protocols */,
				867F7D842CA1F19500C86F4E /* Repositories */,
				867F7D802CA0EC5300C86F4E /* Resources */,
				8646C0952C979F9A0005C0E1 /* Screens */,
			);
			path = MealObserver;
			sourceTree = "<group>";
		};
		8646C0562C9756BC0005C0E1 /* Preview Content */ = {
			isa = PBXGroup;
			children = (
				8646C0572C9756BC0005C0E1 /* Preview Assets.xcassets */,
			);
			path = "Preview Content";
			sourceTree = "<group>";
		};
		8646C0602C9756BC0005C0E1 /* MealObserverTests */ = {
			isa = PBXGroup;
			children = (
				865D57E02C9A09B700AAEB67 /* ViewModelTests */,
			);
			path = MealObserverTests;
			sourceTree = "<group>";
		};
		8646C06A2C9756BC0005C0E1 /* MealObserverUITests */ = {
			isa = PBXGroup;
			children = (
				8646C06B2C9756BC0005C0E1 /* MealObserverUITests.swift */,
				8646C06D2C9756BC0005C0E1 /* MealObserverUITestsLaunchTests.swift */,
			);
			path = MealObserverUITests;
			sourceTree = "<group>";
		};
		8646C07B2C9757A00005C0E1 /* Packages */ = {
			isa = PBXGroup;
			children = (
				865D57EE2C9A269000AAEB67 /* Localizer */,
				8646C07A2C9757A00005C0E1 /* Networking */,
			);
			path = Packages;
			sourceTree = "<group>";
		};
		8646C07D2C9758550005C0E1 /* Frameworks */ = {
			isa = PBXGroup;
			children = (
			);
			name = Frameworks;
			sourceTree = "<group>";
		};
		8646C0802C9760E50005C0E1 /* Models */ = {
			isa = PBXGroup;
			children = (
				8646C0832C9766C90005C0E1 /* Meal.swift */,
			);
			path = Models;
			sourceTree = "<group>";
		};
		8646C0882C9775380005C0E1 /* Endpoints */ = {
			isa = PBXGroup;
			children = (
				8646C0892C9775610005C0E1 /* MealFilterEndpoint.swift */,
				8646C08B2C977AD30005C0E1 /* MealDetailsEndpoint.swift */,
			);
			path = Endpoints;
			sourceTree = "<group>";
		};
		8646C08D2C977BA60005C0E1 /* Responses */ = {
			isa = PBXGroup;
			children = (
				8646C08E2C977BC90005C0E1 /* MealFilterResponce.swift */,
				8646C0902C977BF40005C0E1 /* MealDetailsResponce.swift */,
			);
			path = Responses;
			sourceTree = "<group>";
		};
		8646C0952C979F9A0005C0E1 /* Screens */ = {
			isa = PBXGroup;
			children = (
				865D57E52C9A1A9100AAEB67 /* Views */,
				8646C0A72C9880AC0005C0E1 /* MealDetails */,
				8646C0962C97A03E0005C0E1 /* MealFilter */,
			);
			path = Screens;
			sourceTree = "<group>";
		};
		8646C0962C97A03E0005C0E1 /* MealFilter */ = {
			isa = PBXGroup;
			children = (
				8646C0A12C97CE250005C0E1 /* Views */,
				8646C0972C97A0660005C0E1 /* MealFilterView.swift */,
				8646C0992C97A06E0005C0E1 /* MealFilterViewModel.swift */,
			);
			path = MealFilter;
			sourceTree = "<group>";
		};
		8646C0A12C97CE250005C0E1 /* Views */ = {
			isa = PBXGroup;
			children = (
				8646C0A22C97CE330005C0E1 /* MealView.swift */,
			);
			path = Views;
			sourceTree = "<group>";
		};
		8646C0A42C97D9370005C0E1 /* Protocols */ = {
			isa = PBXGroup;
			children = (
			);
			path = Protocols;
			sourceTree = "<group>";
		};
		8646C0A72C9880AC0005C0E1 /* MealDetails */ = {
			isa = PBXGroup;
			children = (
				8646C0A82C9880EB0005C0E1 /* MealDetailsView.swift */,
				8646C0AA2C988D8A0005C0E1 /* MealDetailsViewModel.swift */,
			);
			path = MealDetails;
			sourceTree = "<group>";
		};
		865D57E02C9A09B700AAEB67 /* ViewModelTests */ = {
			isa = PBXGroup;
			children = (
				865D57E12C9A09D000AAEB67 /* MealFilterViewModelSpec.swift */,
				865D57E32C9A11F800AAEB67 /* MealDetailsViewModelSpec.swift */,
			);
			path = ViewModelTests;
			sourceTree = "<group>";
		};
		865D57E52C9A1A9100AAEB67 /* Views */ = {
			isa = PBXGroup;
			children = (
				865D57E62C9A1AA100AAEB67 /* PlaceholderView.swift */,
			);
			path = Views;
			sourceTree = "<group>";
		};
		865D57F12C9A29BF00AAEB67 /* Extensions */ = {
			isa = PBXGroup;
			children = (
				865D57F22C9A29E100AAEB67 /* String+localization.swift */,
				8681DC762C9A37AC00C0AF3E /* Sequence+sorted.swift */,
				867F7D872CA1F5CE00C86F4E /* Result+map.swift */,
			);
			path = Extensions;
			sourceTree = "<group>";
		};
		867F7D802CA0EC5300C86F4E /* Resources */ = {
			isa = PBXGroup;
			children = (
				867F7D8E2CA35B0300C86F4E /* Info.plist */,
				8646C0562C9756BC0005C0E1 /* Preview Content */,
				8646C0532C9756BC0005C0E1 /* Assets.xcassets */,
				8646C0552C9756BC0005C0E1 /* MealObserver.entitlements */,
			);
			path = Resources;
			sourceTree = "<group>";
		};
		867F7D812CA0F25500C86F4E /* Common */ = {
			isa = PBXGroup;
			children = (
				865D57F12C9A29BF00AAEB67 /* Extensions */,
			);
			path = Common;
			sourceTree = "<group>";
		};
		867F7D842CA1F19500C86F4E /* Repositories */ = {
			isa = PBXGroup;
			children = (
				867F7D892CA33C6000C86F4E /* MealRepository */,
			);
			path = Repositories;
			sourceTree = "<group>";
		};
		867F7D892CA33C6000C86F4E /* MealRepository */ = {
			isa = PBXGroup;
			children = (
				8646C0882C9775380005C0E1 /* Endpoints */,
				8646C08D2C977BA60005C0E1 /* Responses */,
				867F7D852CA1F1C700C86F4E /* MealRepository.swift */,
				867F7D8A2CA33C7500C86F4E /* RemoteMealRepository.swift */,
				867F7D8C2CA33FB000C86F4E /* LocalMealRepository.swift */,
			);
			path = MealRepository;
			sourceTree = "<group>";
		};
		867F7D8F2CA35E3400C86F4E /* System */ = {
			isa = PBXGroup;
			children = (
				867F7D822CA0F27E00C86F4E /* AppState.swift */,
				86CC40D72CA36AD600720073 /* NavigationManager.swift */,
				86CC40D52CA367C000720073 /* DeepLinksHandler.swift */,
			);
			path = System;
			sourceTree = "<group>";
		};
/* End PBXGroup section */

/* Begin PBXNativeTarget section */
		8646C04B2C9756BA0005C0E1 /* MealObserver */ = {
			isa = PBXNativeTarget;
			buildConfigurationList = 8646C0712C9756BC0005C0E1 /* Build configuration list for PBXNativeTarget "MealObserver" */;
			buildPhases = (
				8646C0482C9756BA0005C0E1 /* Sources */,
				8646C0AF2C99F6EF0005C0E1 /* Linter */,
				8646C0492C9756BA0005C0E1 /* Frameworks */,
				8646C04A2C9756BA0005C0E1 /* Resources */,
			);
			buildRules = (
			);
			dependencies = (
			);
			name = MealObserver;
			packageProductDependencies = (
				8646C07E2C9758550005C0E1 /* Networking */,
				865D57EF2C9A283300AAEB67 /* Localizer */,
			);
			productName = MealObserver;
			productReference = 8646C04C2C9756BA0005C0E1 /* MealObserver.app */;
			productType = "com.apple.product-type.application";
		};
		8646C05C2C9756BC0005C0E1 /* MealObserverTests */ = {
			isa = PBXNativeTarget;
			buildConfigurationList = 8646C0742C9756BC0005C0E1 /* Build configuration list for PBXNativeTarget "MealObserverTests" */;
			buildPhases = (
				8646C0592C9756BC0005C0E1 /* Sources */,
				8646C05A2C9756BC0005C0E1 /* Frameworks */,
				8646C05B2C9756BC0005C0E1 /* Resources */,
			);
			buildRules = (
			);
			dependencies = (
				8646C05F2C9756BC0005C0E1 /* PBXTargetDependency */,
			);
			name = MealObserverTests;
			packageProductDependencies = (
				8646C0B12C9A02F60005C0E1 /* Nimble */,
				8646C0B32C9A02F90005C0E1 /* Quick */,
			);
			productName = MealObserverTests;
			productReference = 8646C05D2C9756BC0005C0E1 /* MealObserverTests.xctest */;
			productType = "com.apple.product-type.bundle.unit-test";
		};
		8646C0662C9756BC0005C0E1 /* MealObserverUITests */ = {
			isa = PBXNativeTarget;
			buildConfigurationList = 8646C0772C9756BC0005C0E1 /* Build configuration list for PBXNativeTarget "MealObserverUITests" */;
			buildPhases = (
				8646C0632C9756BC0005C0E1 /* Sources */,
				8646C0642C9756BC0005C0E1 /* Frameworks */,
				8646C0652C9756BC0005C0E1 /* Resources */,
			);
			buildRules = (
			);
			dependencies = (
				8646C0692C9756BC0005C0E1 /* PBXTargetDependency */,
			);
			name = MealObserverUITests;
			productName = MealObserverUITests;
			productReference = 8646C0672C9756BC0005C0E1 /* MealObserverUITests.xctest */;
			productType = "com.apple.product-type.bundle.ui-testing";
		};
/* End PBXNativeTarget section */

/* Begin PBXProject section */
		8646C0442C9756BA0005C0E1 /* Project object */ = {
			isa = PBXProject;
			attributes = {
				BuildIndependentTargetsInParallel = 1;
				LastSwiftUpdateCheck = 1540;
				LastUpgradeCheck = 1540;
				TargetAttributes = {
					8646C04B2C9756BA0005C0E1 = {
						CreatedOnToolsVersion = 15.4;
					};
					8646C05C2C9756BC0005C0E1 = {
						CreatedOnToolsVersion = 15.4;
						TestTargetID = 8646C04B2C9756BA0005C0E1;
					};
					8646C0662C9756BC0005C0E1 = {
						CreatedOnToolsVersion = 15.4;
						TestTargetID = 8646C04B2C9756BA0005C0E1;
					};
				};
			};
			buildConfigurationList = 8646C0472C9756BA0005C0E1 /* Build configuration list for PBXProject "MealObserver" */;
			compatibilityVersion = "Xcode 14.0";
			developmentRegion = en;
			hasScannedForEncodings = 0;
			knownRegions = (
				en,
				Base,
			);
			mainGroup = 8646C0432C9756BA0005C0E1;
			packageReferences = (
				8646C0AC2C99F5D40005C0E1 /* XCRemoteSwiftPackageReference "Nimble" */,
				8646C0AD2C99F6030005C0E1 /* XCRemoteSwiftPackageReference "Quick" */,
				8646C0B02C99F8750005C0E1 /* XCRemoteSwiftPackageReference "SwiftLint" */,
			);
			productRefGroup = 8646C04D2C9756BA0005C0E1 /* Products */;
			projectDirPath = "";
			projectRoot = "";
			targets = (
				8646C04B2C9756BA0005C0E1 /* MealObserver */,
				8646C05C2C9756BC0005C0E1 /* MealObserverTests */,
				8646C0662C9756BC0005C0E1 /* MealObserverUITests */,
			);
		};
/* End PBXProject section */

/* Begin PBXResourcesBuildPhase section */
		8646C04A2C9756BA0005C0E1 /* Resources */ = {
			isa = PBXResourcesBuildPhase;
			buildActionMask = 2147483647;
			files = (
				8646C07C2C9757A00005C0E1 /* Networking in Resources */,
				8646C0582C9756BC0005C0E1 /* Preview Assets.xcassets in Resources */,
				8646C0542C9756BC0005C0E1 /* Assets.xcassets in Resources */,
			);
			runOnlyForDeploymentPostprocessing = 0;
		};
		8646C05B2C9756BC0005C0E1 /* Resources */ = {
			isa = PBXResourcesBuildPhase;
			buildActionMask = 2147483647;
			files = (
			);
			runOnlyForDeploymentPostprocessing = 0;
		};
		8646C0652C9756BC0005C0E1 /* Resources */ = {
			isa = PBXResourcesBuildPhase;
			buildActionMask = 2147483647;
			files = (
			);
			runOnlyForDeploymentPostprocessing = 0;
		};
/* End PBXResourcesBuildPhase section */

/* Begin PBXShellScriptBuildPhase section */
		8646C0AF2C99F6EF0005C0E1 /* Linter */ = {
			isa = PBXShellScriptBuildPhase;
			alwaysOutOfDate = 1;
			buildActionMask = 2147483647;
			files = (
			);
			inputFileListPaths = (
			);
			inputPaths = (
			);
			name = Linter;
			outputFileListPaths = (
			);
			outputPaths = (
			);
			runOnlyForDeploymentPostprocessing = 0;
			shellPath = /bin/sh;
			shellScript = "if [[ \"$(uname -m)\" == arm64 ]]\nthen\n    export PATH=\"/opt/homebrew/bin:$PATH\"\nfi\n\nif command -v swiftlint >/dev/null 2>&1\nthen\n    swiftlint\nelse\n    echo \"warning: `swiftlint` command not found - See https://github.com/realm/SwiftLint#installation for installation instructions.\"\nfi\n";
		};
/* End PBXShellScriptBuildPhase section */

/* Begin PBXSourcesBuildPhase section */
		8646C0482C9756BA0005C0E1 /* Sources */ = {
			isa = PBXSourcesBuildPhase;
			buildActionMask = 2147483647;
			files = (
				8646C0842C9766C90005C0E1 /* Meal.swift in Sources */,
				8681DC772C9A37AC00C0AF3E /* Sequence+sorted.swift in Sources */,
				865D57F32C9A29E100AAEB67 /* String+localization.swift in Sources */,
				867F7D882CA1F5CE00C86F4E /* Result+map.swift in Sources */,
				867F7D8B2CA33C7500C86F4E /* RemoteMealRepository.swift in Sources */,
				8646C0982C97A0660005C0E1 /* MealFilterView.swift in Sources */,
				8646C0A32C97CE330005C0E1 /* MealView.swift in Sources */,
				8646C0522C9756BA0005C0E1 /* ContentView.swift in Sources */,
				865D57E72C9A1AA100AAEB67 /* PlaceholderView.swift in Sources */,
				86CC40D82CA36AD600720073 /* NavigationManager.swift in Sources */,
				8646C0AB2C988D8A0005C0E1 /* MealDetailsViewModel.swift in Sources */,
				8646C0912C977BF40005C0E1 /* MealDetailsResponce.swift in Sources */,
				865D57EB2C9A1EC600AAEB67 /* ScreenFactory.swift in Sources */,
				867F7D862CA1F1C700C86F4E /* MealRepository.swift in Sources */,
				867F7D832CA0F27E00C86F4E /* AppState.swift in Sources */,
				8646C0A92C9880EB0005C0E1 /* MealDetailsView.swift in Sources */,
				8646C09A2C97A06E0005C0E1 /* MealFilterViewModel.swift in Sources */,
				8646C08C2C977AD30005C0E1 /* MealDetailsEndpoint.swift in Sources */,
				867F7D8D2CA33FB000C86F4E /* LocalMealRepository.swift in Sources */,
				8646C0502C9756BA0005C0E1 /* MealObserverApp.swift in Sources */,
				8646C08A2C9775610005C0E1 /* MealFilterEndpoint.swift in Sources */,
				86CC40D62CA367C000720073 /* DeepLinksHandler.swift in Sources */,
				8646C08F2C977BC90005C0E1 /* MealFilterResponce.swift in Sources */,
			);
			runOnlyForDeploymentPostprocessing = 0;
		};
		8646C0592C9756BC0005C0E1 /* Sources */ = {
			isa = PBXSourcesBuildPhase;
			buildActionMask = 2147483647;
			files = (
				865D57E22C9A09D000AAEB67 /* MealFilterViewModelSpec.swift in Sources */,
				865D57E42C9A11F800AAEB67 /* MealDetailsViewModelSpec.swift in Sources */,
			);
			runOnlyForDeploymentPostprocessing = 0;
		};
		8646C0632C9756BC0005C0E1 /* Sources */ = {
			isa = PBXSourcesBuildPhase;
			buildActionMask = 2147483647;
			files = (
				8646C06C2C9756BC0005C0E1 /* MealObserverUITests.swift in Sources */,
				8646C06E2C9756BC0005C0E1 /* MealObserverUITestsLaunchTests.swift in Sources */,
			);
			runOnlyForDeploymentPostprocessing = 0;
		};
/* End PBXSourcesBuildPhase section */

/* Begin PBXTargetDependency section */
		8646C05F2C9756BC0005C0E1 /* PBXTargetDependency */ = {
			isa = PBXTargetDependency;
			target = 8646C04B2C9756BA0005C0E1 /* MealObserver */;
			targetProxy = 8646C05E2C9756BC0005C0E1 /* PBXContainerItemProxy */;
		};
		8646C0692C9756BC0005C0E1 /* PBXTargetDependency */ = {
			isa = PBXTargetDependency;
			target = 8646C04B2C9756BA0005C0E1 /* MealObserver */;
			targetProxy = 8646C0682C9756BC0005C0E1 /* PBXContainerItemProxy */;
		};
/* End PBXTargetDependency section */

/* Begin XCBuildConfiguration section */
		8646C06F2C9756BC0005C0E1 /* Debug */ = {
			isa = XCBuildConfiguration;
			buildSettings = {
				ALWAYS_SEARCH_USER_PATHS = NO;
				ASSETCATALOG_COMPILER_GENERATE_SWIFT_ASSET_SYMBOL_EXTENSIONS = YES;
				CLANG_ANALYZER_NONNULL = YES;
				CLANG_ANALYZER_NUMBER_OBJECT_CONVERSION = YES_AGGRESSIVE;
				CLANG_CXX_LANGUAGE_STANDARD = "gnu++20";
				CLANG_ENABLE_MODULES = YES;
				CLANG_ENABLE_OBJC_ARC = YES;
				CLANG_ENABLE_OBJC_WEAK = YES;
				CLANG_WARN_BLOCK_CAPTURE_AUTORELEASING = YES;
				CLANG_WARN_BOOL_CONVERSION = YES;
				CLANG_WARN_COMMA = YES;
				CLANG_WARN_CONSTANT_CONVERSION = YES;
				CLANG_WARN_DEPRECATED_OBJC_IMPLEMENTATIONS = YES;
				CLANG_WARN_DIRECT_OBJC_ISA_USAGE = YES_ERROR;
				CLANG_WARN_DOCUMENTATION_COMMENTS = YES;
				CLANG_WARN_EMPTY_BODY = YES;
				CLANG_WARN_ENUM_CONVERSION = YES;
				CLANG_WARN_INFINITE_RECURSION = YES;
				CLANG_WARN_INT_CONVERSION = YES;
				CLANG_WARN_NON_LITERAL_NULL_CONVERSION = YES;
				CLANG_WARN_OBJC_IMPLICIT_RETAIN_SELF = YES;
				CLANG_WARN_OBJC_LITERAL_CONVERSION = YES;
				CLANG_WARN_OBJC_ROOT_CLASS = YES_ERROR;
				CLANG_WARN_QUOTED_INCLUDE_IN_FRAMEWORK_HEADER = YES;
				CLANG_WARN_RANGE_LOOP_ANALYSIS = YES;
				CLANG_WARN_STRICT_PROTOTYPES = YES;
				CLANG_WARN_SUSPICIOUS_MOVE = YES;
				CLANG_WARN_UNGUARDED_AVAILABILITY = YES_AGGRESSIVE;
				CLANG_WARN_UNREACHABLE_CODE = YES;
				CLANG_WARN__DUPLICATE_METHOD_MATCH = YES;
				COPY_PHASE_STRIP = NO;
				DEBUG_INFORMATION_FORMAT = dwarf;
				ENABLE_STRICT_OBJC_MSGSEND = YES;
				ENABLE_TESTABILITY = YES;
				ENABLE_USER_SCRIPT_SANDBOXING = YES;
				GCC_C_LANGUAGE_STANDARD = gnu17;
				GCC_DYNAMIC_NO_PIC = NO;
				GCC_NO_COMMON_BLOCKS = YES;
				GCC_OPTIMIZATION_LEVEL = 0;
				GCC_PREPROCESSOR_DEFINITIONS = (
					"DEBUG=1",
					"$(inherited)",
				);
				GCC_WARN_64_TO_32_BIT_CONVERSION = YES;
				GCC_WARN_ABOUT_RETURN_TYPE = YES_ERROR;
				GCC_WARN_UNDECLARED_SELECTOR = YES;
				GCC_WARN_UNINITIALIZED_AUTOS = YES_AGGRESSIVE;
				GCC_WARN_UNUSED_FUNCTION = YES;
				GCC_WARN_UNUSED_VARIABLE = YES;
				LOCALIZATION_PREFERS_STRING_CATALOGS = YES;
				MTL_ENABLE_DEBUG_INFO = INCLUDE_SOURCE;
				MTL_FAST_MATH = YES;
				ONLY_ACTIVE_ARCH = YES;
				SWIFT_ACTIVE_COMPILATION_CONDITIONS = "DEBUG $(inherited)";
				SWIFT_OPTIMIZATION_LEVEL = "-Onone";
			};
			name = Debug;
		};
		8646C0702C9756BC0005C0E1 /* Release */ = {
			isa = XCBuildConfiguration;
			buildSettings = {
				ALWAYS_SEARCH_USER_PATHS = NO;
				ASSETCATALOG_COMPILER_GENERATE_SWIFT_ASSET_SYMBOL_EXTENSIONS = YES;
				CLANG_ANALYZER_NONNULL = YES;
				CLANG_ANALYZER_NUMBER_OBJECT_CONVERSION = YES_AGGRESSIVE;
				CLANG_CXX_LANGUAGE_STANDARD = "gnu++20";
				CLANG_ENABLE_MODULES = YES;
				CLANG_ENABLE_OBJC_ARC = YES;
				CLANG_ENABLE_OBJC_WEAK = YES;
				CLANG_WARN_BLOCK_CAPTURE_AUTORELEASING = YES;
				CLANG_WARN_BOOL_CONVERSION = YES;
				CLANG_WARN_COMMA = YES;
				CLANG_WARN_CONSTANT_CONVERSION = YES;
				CLANG_WARN_DEPRECATED_OBJC_IMPLEMENTATIONS = YES;
				CLANG_WARN_DIRECT_OBJC_ISA_USAGE = YES_ERROR;
				CLANG_WARN_DOCUMENTATION_COMMENTS = YES;
				CLANG_WARN_EMPTY_BODY = YES;
				CLANG_WARN_ENUM_CONVERSION = YES;
				CLANG_WARN_INFINITE_RECURSION = YES;
				CLANG_WARN_INT_CONVERSION = YES;
				CLANG_WARN_NON_LITERAL_NULL_CONVERSION = YES;
				CLANG_WARN_OBJC_IMPLICIT_RETAIN_SELF = YES;
				CLANG_WARN_OBJC_LITERAL_CONVERSION = YES;
				CLANG_WARN_OBJC_ROOT_CLASS = YES_ERROR;
				CLANG_WARN_QUOTED_INCLUDE_IN_FRAMEWORK_HEADER = YES;
				CLANG_WARN_RANGE_LOOP_ANALYSIS = YES;
				CLANG_WARN_STRICT_PROTOTYPES = YES;
				CLANG_WARN_SUSPICIOUS_MOVE = YES;
				CLANG_WARN_UNGUARDED_AVAILABILITY = YES_AGGRESSIVE;
				CLANG_WARN_UNREACHABLE_CODE = YES;
				CLANG_WARN__DUPLICATE_METHOD_MATCH = YES;
				COPY_PHASE_STRIP = NO;
				DEBUG_INFORMATION_FORMAT = "dwarf-with-dsym";
				ENABLE_NS_ASSERTIONS = NO;
				ENABLE_STRICT_OBJC_MSGSEND = YES;
				ENABLE_USER_SCRIPT_SANDBOXING = YES;
				GCC_C_LANGUAGE_STANDARD = gnu17;
				GCC_NO_COMMON_BLOCKS = YES;
				GCC_WARN_64_TO_32_BIT_CONVERSION = YES;
				GCC_WARN_ABOUT_RETURN_TYPE = YES_ERROR;
				GCC_WARN_UNDECLARED_SELECTOR = YES;
				GCC_WARN_UNINITIALIZED_AUTOS = YES_AGGRESSIVE;
				GCC_WARN_UNUSED_FUNCTION = YES;
				GCC_WARN_UNUSED_VARIABLE = YES;
				LOCALIZATION_PREFERS_STRING_CATALOGS = YES;
				MTL_ENABLE_DEBUG_INFO = NO;
				MTL_FAST_MATH = YES;
				SWIFT_COMPILATION_MODE = wholemodule;
			};
			name = Release;
		};
		8646C0722C9756BC0005C0E1 /* Debug */ = {
			isa = XCBuildConfiguration;
			buildSettings = {
				ASSETCATALOG_COMPILER_APPICON_NAME = AppIcon;
				ASSETCATALOG_COMPILER_GLOBAL_ACCENT_COLOR_NAME = AccentColor;
				CODE_SIGN_ENTITLEMENTS = MealObserver/Resources/MealObserver.entitlements;
				CODE_SIGN_STYLE = Automatic;
				CURRENT_PROJECT_VERSION = 1;
				DEVELOPMENT_ASSET_PATHS = "\"MealObserver/Resources/Preview Content\"";
				ENABLE_PREVIEWS = YES;
				ENABLE_USER_SCRIPT_SANDBOXING = NO;
				GENERATE_INFOPLIST_FILE = YES;
				INFOPLIST_FILE = MealObserver/Resources/Info.plist;
				"INFOPLIST_KEY_UIApplicationSceneManifest_Generation[sdk=iphoneos*]" = YES;
				"INFOPLIST_KEY_UIApplicationSceneManifest_Generation[sdk=iphonesimulator*]" = YES;
				"INFOPLIST_KEY_UIApplicationSupportsIndirectInputEvents[sdk=iphoneos*]" = YES;
				"INFOPLIST_KEY_UIApplicationSupportsIndirectInputEvents[sdk=iphonesimulator*]" = YES;
				"INFOPLIST_KEY_UILaunchScreen_Generation[sdk=iphoneos*]" = YES;
				"INFOPLIST_KEY_UILaunchScreen_Generation[sdk=iphonesimulator*]" = YES;
				"INFOPLIST_KEY_UIStatusBarStyle[sdk=iphoneos*]" = UIStatusBarStyleDefault;
				"INFOPLIST_KEY_UIStatusBarStyle[sdk=iphonesimulator*]" = UIStatusBarStyleDefault;
				INFOPLIST_KEY_UISupportedInterfaceOrientations_iPad = "UIInterfaceOrientationPortrait UIInterfaceOrientationPortraitUpsideDown UIInterfaceOrientationLandscapeLeft UIInterfaceOrientationLandscapeRight";
				INFOPLIST_KEY_UISupportedInterfaceOrientations_iPhone = "UIInterfaceOrientationPortrait UIInterfaceOrientationLandscapeLeft UIInterfaceOrientationLandscapeRight";
				IPHONEOS_DEPLOYMENT_TARGET = 17.5;
				LD_RUNPATH_SEARCH_PATHS = "@executable_path/Frameworks";
				"LD_RUNPATH_SEARCH_PATHS[sdk=macosx*]" = "@executable_path/../Frameworks";
				MACOSX_DEPLOYMENT_TARGET = 14.5;
				MARKETING_VERSION = 1.0;
				PRODUCT_BUNDLE_IDENTIFIER = com.tytsman.MealObserver;
				PRODUCT_NAME = "$(TARGET_NAME)";
				SDKROOT = auto;
				SUPPORTED_PLATFORMS = "iphoneos iphonesimulator macosx";
				SWIFT_EMIT_LOC_STRINGS = YES;
				SWIFT_VERSION = 5.0;
				TARGETED_DEVICE_FAMILY = "1,2";
			};
			name = Debug;
		};
		8646C0732C9756BC0005C0E1 /* Release */ = {
			isa = XCBuildConfiguration;
			buildSettings = {
				ASSETCATALOG_COMPILER_APPICON_NAME = AppIcon;
				ASSETCATALOG_COMPILER_GLOBAL_ACCENT_COLOR_NAME = AccentColor;
				CODE_SIGN_ENTITLEMENTS = MealObserver/Resources/MealObserver.entitlements;
				CODE_SIGN_STYLE = Automatic;
				CURRENT_PROJECT_VERSION = 1;
				DEVELOPMENT_ASSET_PATHS = "\"MealObserver/Resources/Preview Content\"";
				ENABLE_PREVIEWS = YES;
				ENABLE_USER_SCRIPT_SANDBOXING = NO;
				GENERATE_INFOPLIST_FILE = YES;
				INFOPLIST_FILE = MealObserver/Resources/Info.plist;
				"INFOPLIST_KEY_UIApplicationSceneManifest_Generation[sdk=iphoneos*]" = YES;
				"INFOPLIST_KEY_UIApplicationSceneManifest_Generation[sdk=iphonesimulator*]" = YES;
				"INFOPLIST_KEY_UIApplicationSupportsIndirectInputEvents[sdk=iphoneos*]" = YES;
				"INFOPLIST_KEY_UIApplicationSupportsIndirectInputEvents[sdk=iphonesimulator*]" = YES;
				"INFOPLIST_KEY_UILaunchScreen_Generation[sdk=iphoneos*]" = YES;
				"INFOPLIST_KEY_UILaunchScreen_Generation[sdk=iphonesimulator*]" = YES;
				"INFOPLIST_KEY_UIStatusBarStyle[sdk=iphoneos*]" = UIStatusBarStyleDefault;
				"INFOPLIST_KEY_UIStatusBarStyle[sdk=iphonesimulator*]" = UIStatusBarStyleDefault;
				INFOPLIST_KEY_UISupportedInterfaceOrientations_iPad = "UIInterfaceOrientationPortrait UIInterfaceOrientationPortraitUpsideDown UIInterfaceOrientationLandscapeLeft UIInterfaceOrientationLandscapeRight";
				INFOPLIST_KEY_UISupportedInterfaceOrientations_iPhone = "UIInterfaceOrientationPortrait UIInterfaceOrientationLandscapeLeft UIInterfaceOrientationLandscapeRight";
				IPHONEOS_DEPLOYMENT_TARGET = 17.5;
				LD_RUNPATH_SEARCH_PATHS = "@executable_path/Frameworks";
				"LD_RUNPATH_SEARCH_PATHS[sdk=macosx*]" = "@executable_path/../Frameworks";
				MACOSX_DEPLOYMENT_TARGET = 14.5;
				MARKETING_VERSION = 1.0;
				PRODUCT_BUNDLE_IDENTIFIER = com.tytsman.MealObserver;
				PRODUCT_NAME = "$(TARGET_NAME)";
				SDKROOT = auto;
				SUPPORTED_PLATFORMS = "iphoneos iphonesimulator macosx";
				SWIFT_EMIT_LOC_STRINGS = YES;
				SWIFT_VERSION = 5.0;
				TARGETED_DEVICE_FAMILY = "1,2";
			};
			name = Release;
		};
		8646C0752C9756BC0005C0E1 /* Debug */ = {
			isa = XCBuildConfiguration;
			buildSettings = {
				ALWAYS_EMBED_SWIFT_STANDARD_LIBRARIES = YES;
				BUNDLE_LOADER = "$(TEST_HOST)";
				CODE_SIGN_STYLE = Automatic;
				CURRENT_PROJECT_VERSION = 1;
				GENERATE_INFOPLIST_FILE = YES;
				IPHONEOS_DEPLOYMENT_TARGET = 17.5;
				MACOSX_DEPLOYMENT_TARGET = 14.5;
				MARKETING_VERSION = 1.0;
				PRODUCT_BUNDLE_IDENTIFIER = com.tytsman.MealObserverTests;
				PRODUCT_NAME = "$(TARGET_NAME)";
				SDKROOT = auto;
				SUPPORTED_PLATFORMS = "iphoneos iphonesimulator macosx";
				SWIFT_EMIT_LOC_STRINGS = NO;
				SWIFT_VERSION = 5.0;
				TARGETED_DEVICE_FAMILY = "1,2";
				TEST_HOST = "$(BUILT_PRODUCTS_DIR)/MealObserver.app/$(BUNDLE_EXECUTABLE_FOLDER_PATH)/MealObserver";
			};
			name = Debug;
		};
		8646C0762C9756BC0005C0E1 /* Release */ = {
			isa = XCBuildConfiguration;
			buildSettings = {
				ALWAYS_EMBED_SWIFT_STANDARD_LIBRARIES = YES;
				BUNDLE_LOADER = "$(TEST_HOST)";
				CODE_SIGN_STYLE = Automatic;
				CURRENT_PROJECT_VERSION = 1;
				GENERATE_INFOPLIST_FILE = YES;
				IPHONEOS_DEPLOYMENT_TARGET = 17.5;
				MACOSX_DEPLOYMENT_TARGET = 14.5;
				MARKETING_VERSION = 1.0;
				PRODUCT_BUNDLE_IDENTIFIER = com.tytsman.MealObserverTests;
				PRODUCT_NAME = "$(TARGET_NAME)";
				SDKROOT = auto;
				SUPPORTED_PLATFORMS = "iphoneos iphonesimulator macosx";
				SWIFT_EMIT_LOC_STRINGS = NO;
				SWIFT_VERSION = 5.0;
				TARGETED_DEVICE_FAMILY = "1,2";
				TEST_HOST = "$(BUILT_PRODUCTS_DIR)/MealObserver.app/$(BUNDLE_EXECUTABLE_FOLDER_PATH)/MealObserver";
			};
			name = Release;
		};
		8646C0782C9756BC0005C0E1 /* Debug */ = {
			isa = XCBuildConfiguration;
			buildSettings = {
				ALWAYS_EMBED_SWIFT_STANDARD_LIBRARIES = YES;
				CODE_SIGN_STYLE = Automatic;
				CURRENT_PROJECT_VERSION = 1;
				GENERATE_INFOPLIST_FILE = YES;
				IPHONEOS_DEPLOYMENT_TARGET = 17.5;
				MACOSX_DEPLOYMENT_TARGET = 14.5;
				MARKETING_VERSION = 1.0;
				PRODUCT_BUNDLE_IDENTIFIER = com.tytsman.MealObserverUITests;
				PRODUCT_NAME = "$(TARGET_NAME)";
				SDKROOT = auto;
				SUPPORTED_PLATFORMS = "iphoneos iphonesimulator macosx";
				SWIFT_EMIT_LOC_STRINGS = NO;
				SWIFT_VERSION = 5.0;
				TARGETED_DEVICE_FAMILY = "1,2";
				TEST_TARGET_NAME = MealObserver;
			};
			name = Debug;
		};
		8646C0792C9756BC0005C0E1 /* Release */ = {
			isa = XCBuildConfiguration;
			buildSettings = {
				ALWAYS_EMBED_SWIFT_STANDARD_LIBRARIES = YES;
				CODE_SIGN_STYLE = Automatic;
				CURRENT_PROJECT_VERSION = 1;
				GENERATE_INFOPLIST_FILE = YES;
				IPHONEOS_DEPLOYMENT_TARGET = 17.5;
				MACOSX_DEPLOYMENT_TARGET = 14.5;
				MARKETING_VERSION = 1.0;
				PRODUCT_BUNDLE_IDENTIFIER = com.tytsman.MealObserverUITests;
				PRODUCT_NAME = "$(TARGET_NAME)";
				SDKROOT = auto;
				SUPPORTED_PLATFORMS = "iphoneos iphonesimulator macosx";
				SWIFT_EMIT_LOC_STRINGS = NO;
				SWIFT_VERSION = 5.0;
				TARGETED_DEVICE_FAMILY = "1,2";
				TEST_TARGET_NAME = MealObserver;
			};
			name = Release;
		};
/* End XCBuildConfiguration section */

/* Begin XCConfigurationList section */
		8646C0472C9756BA0005C0E1 /* Build configuration list for PBXProject "MealObserver" */ = {
			isa = XCConfigurationList;
			buildConfigurations = (
				8646C06F2C9756BC0005C0E1 /* Debug */,
				8646C0702C9756BC0005C0E1 /* Release */,
			);
			defaultConfigurationIsVisible = 0;
			defaultConfigurationName = Release;
		};
		8646C0712C9756BC0005C0E1 /* Build configuration list for PBXNativeTarget "MealObserver" */ = {
			isa = XCConfigurationList;
			buildConfigurations = (
				8646C0722C9756BC0005C0E1 /* Debug */,
				8646C0732C9756BC0005C0E1 /* Release */,
			);
			defaultConfigurationIsVisible = 0;
			defaultConfigurationName = Release;
		};
		8646C0742C9756BC0005C0E1 /* Build configuration list for PBXNativeTarget "MealObserverTests" */ = {
			isa = XCConfigurationList;
			buildConfigurations = (
				8646C0752C9756BC0005C0E1 /* Debug */,
				8646C0762C9756BC0005C0E1 /* Release */,
			);
			defaultConfigurationIsVisible = 0;
			defaultConfigurationName = Release;
		};
		8646C0772C9756BC0005C0E1 /* Build configuration list for PBXNativeTarget "MealObserverUITests" */ = {
			isa = XCConfigurationList;
			buildConfigurations = (
				8646C0782C9756BC0005C0E1 /* Debug */,
				8646C0792C9756BC0005C0E1 /* Release */,
			);
			defaultConfigurationIsVisible = 0;
			defaultConfigurationName = Release;
		};
/* End XCConfigurationList section */

/* Begin XCRemoteSwiftPackageReference section */
		8646C0AC2C99F5D40005C0E1 /* XCRemoteSwiftPackageReference "Nimble" */ = {
			isa = XCRemoteSwiftPackageReference;
			repositoryURL = "https://github.com/Quick/Nimble";
			requirement = {
				branch = main;
				kind = branch;
			};
		};
		8646C0AD2C99F6030005C0E1 /* XCRemoteSwiftPackageReference "Quick" */ = {
			isa = XCRemoteSwiftPackageReference;
			repositoryURL = "https://github.com/Quick/Quick";
			requirement = {
				branch = main;
				kind = branch;
			};
		};
		8646C0B02C99F8750005C0E1 /* XCRemoteSwiftPackageReference "SwiftLint" */ = {
			isa = XCRemoteSwiftPackageReference;
			repositoryURL = "https://github.com/realm/SwiftLint";
			requirement = {
				kind = exactVersion;
				version = 0.57.0;
			};
		};
/* End XCRemoteSwiftPackageReference section */

/* Begin XCSwiftPackageProductDependency section */
		8646C07E2C9758550005C0E1 /* Networking */ = {
			isa = XCSwiftPackageProductDependency;
			productName = Networking;
		};
		8646C0B12C9A02F60005C0E1 /* Nimble */ = {
			isa = XCSwiftPackageProductDependency;
			package = 8646C0AC2C99F5D40005C0E1 /* XCRemoteSwiftPackageReference "Nimble" */;
			productName = Nimble;
		};
		8646C0B32C9A02F90005C0E1 /* Quick */ = {
			isa = XCSwiftPackageProductDependency;
			package = 8646C0AD2C99F6030005C0E1 /* XCRemoteSwiftPackageReference "Quick" */;
			productName = Quick;
		};
		865D57EF2C9A283300AAEB67 /* Localizer */ = {
			isa = XCSwiftPackageProductDependency;
			productName = Localizer;
		};
/* End XCSwiftPackageProductDependency section */
	};
	rootObject = 8646C0442C9756BA0005C0E1 /* Project object */;
}
